// !$*UTF8*$!
{
	archiveVersion = 1;
	classes = {
	};
	objectVersion = 50;
	objects = {

/* Begin PBXBuildFile section */
		8B10BDC823253EB100C4CE94 /* AppDelegate.swift in Sources */ = {isa = PBXBuildFile; fileRef = 8B10BDC723253EB100C4CE94 /* AppDelegate.swift */; };
		8B10BDCA23253EB100C4CE94 /* ViewController.swift in Sources */ = {isa = PBXBuildFile; fileRef = 8B10BDC923253EB100C4CE94 /* ViewController.swift */; };
		8B10BDCD23253EB100C4CE94 /* Main.storyboard in Resources */ = {isa = PBXBuildFile; fileRef = 8B10BDCB23253EB100C4CE94 /* Main.storyboard */; };
		8B10BDD023253EB100C4CE94 /* Europe.xcdatamodeld in Sources */ = {isa = PBXBuildFile; fileRef = 8B10BDCE23253EB100C4CE94 /* Europe.xcdatamodeld */; };
		8B10BDD223253EB300C4CE94 /* Assets.xcassets in Resources */ = {isa = PBXBuildFile; fileRef = 8B10BDD123253EB300C4CE94 /* Assets.xcassets */; };
		8B10BDD523253EB300C4CE94 /* LaunchScreen.storyboard in Resources */ = {isa = PBXBuildFile; fileRef = 8B10BDD323253EB300C4CE94 /* LaunchScreen.storyboard */; };
		8B10BDEB23253FF300C4CE94 /* StoryboardProtocol.swift in Sources */ = {isa = PBXBuildFile; fileRef = 8B10BDEA23253FF300C4CE94 /* StoryboardProtocol.swift */; };
		8B10BDEE232540D600C4CE94 /* Coordinator.swift in Sources */ = {isa = PBXBuildFile; fileRef = 8B10BDED232540D600C4CE94 /* Coordinator.swift */; };
		8B10BDF12325425F00C4CE94 /* CellLoadable.swift in Sources */ = {isa = PBXBuildFile; fileRef = 8B10BDF02325425F00C4CE94 /* CellLoadable.swift */; };
		8B10BDFA232545DA00C4CE94 /* CountryCell.swift in Sources */ = {isa = PBXBuildFile; fileRef = 8B10BDF8232545DA00C4CE94 /* CountryCell.swift */; };
		8B10BDFB232545DA00C4CE94 /* CountryCell.xib in Resources */ = {isa = PBXBuildFile; fileRef = 8B10BDF9232545DA00C4CE94 /* CountryCell.xib */; };
		8B10BDFE232545F100C4CE94 /* FlagCell.swift in Sources */ = {isa = PBXBuildFile; fileRef = 8B10BDFC232545F100C4CE94 /* FlagCell.swift */; };
		8B10BDFF232545F100C4CE94 /* FlagCell.xib in Resources */ = {isa = PBXBuildFile; fileRef = 8B10BDFD232545F100C4CE94 /* FlagCell.xib */; };
		8B10BE022325460400C4CE94 /* DetailsCell.swift in Sources */ = {isa = PBXBuildFile; fileRef = 8B10BE002325460400C4CE94 /* DetailsCell.swift */; };
		8B10BE032325460400C4CE94 /* DetailsCell.xib in Resources */ = {isa = PBXBuildFile; fileRef = 8B10BE012325460400C4CE94 /* DetailsCell.xib */; };
		8B10BE062325467D00C4CE94 /* Country+CoreDataClass.swift in Sources */ = {isa = PBXBuildFile; fileRef = 8B10BE042325467D00C4CE94 /* Country+CoreDataClass.swift */; };
		8B10BE072325467D00C4CE94 /* Country+CoreDataProperties.swift in Sources */ = {isa = PBXBuildFile; fileRef = 8B10BE052325467D00C4CE94 /* Country+CoreDataProperties.swift */; };
		8B10BE092325471100C4CE94 /* NetworkProvider.swift in Sources */ = {isa = PBXBuildFile; fileRef = 8B10BE082325471100C4CE94 /* NetworkProvider.swift */; };
		8B10BE0E232547B900C4CE94 /* CountryError.swift in Sources */ = {isa = PBXBuildFile; fileRef = 8B10BE0D232547B900C4CE94 /* CountryError.swift */; };
		8B10BE1123254AE100C4CE94 /* DataProvider.swift in Sources */ = {isa = PBXBuildFile; fileRef = 8B10BE1023254AE100C4CE94 /* DataProvider.swift */; };
		8B10BE1323254AEC00C4CE94 /* DataProcessor.swift in Sources */ = {isa = PBXBuildFile; fileRef = 8B10BE1223254AEC00C4CE94 /* DataProcessor.swift */; };
		8B10BE1523254C3500C4CE94 /* CoreDataManager.swift in Sources */ = {isa = PBXBuildFile; fileRef = 8B10BE1423254C3500C4CE94 /* CoreDataManager.swift */; };
		8B10BE1A23254F6600C4CE94 /* Countries.json in Resources */ = {isa = PBXBuildFile; fileRef = 8B10BE1623254F6600C4CE94 /* Countries.json */; };
		8B10BE1C23254F6600C4CE94 /* Country.json in Resources */ = {isa = PBXBuildFile; fileRef = 8B10BE1823254F6600C4CE94 /* Country.json */; };
		8B10BE1D23254F6600C4CE94 /* FileExtractor.swift in Sources */ = {isa = PBXBuildFile; fileRef = 8B10BE1923254F6600C4CE94 /* FileExtractor.swift */; };
		8B10BE21232551AB00C4CE94 /* CountriesProcessingTest.swift in Sources */ = {isa = PBXBuildFile; fileRef = 8B10BE20232551AB00C4CE94 /* CountriesProcessingTest.swift */; };
		8B10BE232325590400C4CE94 /* Constants.swift in Sources */ = {isa = PBXBuildFile; fileRef = 8B10BE222325590400C4CE94 /* Constants.swift */; };
		8B10BE2523256DB900C4CE94 /* CountryTest.swift in Sources */ = {isa = PBXBuildFile; fileRef = 8B10BE2423256DB900C4CE94 /* CountryTest.swift */; };
		8B10BE272325787800C4CE94 /* CountriesViewModel.swift in Sources */ = {isa = PBXBuildFile; fileRef = 8B10BE262325787800C4CE94 /* CountriesViewModel.swift */; };
		8B10BE2A2326EE2D00C4CE94 /* CountryViewModel.swift in Sources */ = {isa = PBXBuildFile; fileRef = 8B10BE292326EE2D00C4CE94 /* CountryViewModel.swift */; };
		8B10BE2C2326F17600C4CE94 /* Int+Utils.swift in Sources */ = {isa = PBXBuildFile; fileRef = 8B10BE2B2326F17600C4CE94 /* Int+Utils.swift */; };
		8B10BE2E23283E0900C4CE94 /* CountryViewModelTest.swift in Sources */ = {isa = PBXBuildFile; fileRef = 8B10BE2D23283E0900C4CE94 /* CountryViewModelTest.swift */; };
		8B10BE312328458A00C4CE94 /* CountriesViewModelTest.swift in Sources */ = {isa = PBXBuildFile; fileRef = 8B10BE302328458A00C4CE94 /* CountriesViewModelTest.swift */; };
		8B10BE332328E20100C4CE94 /* UIViewController+Utils.swift in Sources */ = {isa = PBXBuildFile; fileRef = 8B10BE322328E20100C4CE94 /* UIViewController+Utils.swift */; };
		8B10BE352328F51A00C4CE94 /* CountryErrorTest.swift in Sources */ = {isa = PBXBuildFile; fileRef = 8B10BE342328F51A00C4CE94 /* CountryErrorTest.swift */; };
		8B4AFF4C2326A5420035B2DE /* UIImageView+Utils.swift in Sources */ = {isa = PBXBuildFile; fileRef = 8B4AFF4B2326A5420035B2DE /* UIImageView+Utils.swift */; };
		8B4AFF502326A84E0035B2DE /* CocoaLumberjack.framework in Frameworks */ = {isa = PBXBuildFile; fileRef = 8B4AFF4F2326A84E0035B2DE /* CocoaLumberjack.framework */; };
		8B4AFF522326A8560035B2DE /* CocoaLumberjackSwift.framework in Frameworks */ = {isa = PBXBuildFile; fileRef = 8B4AFF512326A8560035B2DE /* CocoaLumberjackSwift.framework */; };
		8B4AFF542326A85D0035B2DE /* SVGKit.framework in Frameworks */ = {isa = PBXBuildFile; fileRef = 8B4AFF532326A85D0035B2DE /* SVGKit.framework */; };
		8B4AFF562327E9760035B2DE /* MockManager.swift in Sources */ = {isa = PBXBuildFile; fileRef = 8B4AFF552327E9760035B2DE /* MockManager.swift */; };
		8B4AFF5B2327F6DC0035B2DE /* NetworkingTest.swift in Sources */ = {isa = PBXBuildFile; fileRef = 8B4AFF5A2327F6DC0035B2DE /* NetworkingTest.swift */; };
		8BA76A61233038120045B034 /* CoordinatorTest.swift in Sources */ = {isa = PBXBuildFile; fileRef = 8BA76A60233038120045B034 /* CoordinatorTest.swift */; };
/* End PBXBuildFile section */

/* Begin PBXContainerItemProxy section */
		8B10BDDC23253EB300C4CE94 /* PBXContainerItemProxy */ = {
			isa = PBXContainerItemProxy;
			containerPortal = 8B10BDBC23253EB100C4CE94 /* Project object */;
			proxyType = 1;
			remoteGlobalIDString = 8B10BDC323253EB100C4CE94;
			remoteInfo = Europe;
		};
/* End PBXContainerItemProxy section */

/* Begin PBXFileReference section */
		8B10BDC423253EB100C4CE94 /* Europe.app */ = {isa = PBXFileReference; explicitFileType = wrapper.application; includeInIndex = 0; path = Europe.app; sourceTree = BUILT_PRODUCTS_DIR; };
		8B10BDC723253EB100C4CE94 /* AppDelegate.swift */ = {isa = PBXFileReference; lastKnownFileType = sourcecode.swift; path = AppDelegate.swift; sourceTree = "<group>"; };
		8B10BDC923253EB100C4CE94 /* ViewController.swift */ = {isa = PBXFileReference; lastKnownFileType = sourcecode.swift; path = ViewController.swift; sourceTree = "<group>"; };
		8B10BDCC23253EB100C4CE94 /* Base */ = {isa = PBXFileReference; lastKnownFileType = file.storyboard; name = Base; path = Base.lproj/Main.storyboard; sourceTree = "<group>"; };
		8B10BDCF23253EB100C4CE94 /* Europe.xcdatamodel */ = {isa = PBXFileReference; lastKnownFileType = wrapper.xcdatamodel; path = Europe.xcdatamodel; sourceTree = "<group>"; };
		8B10BDD123253EB300C4CE94 /* Assets.xcassets */ = {isa = PBXFileReference; lastKnownFileType = folder.assetcatalog; path = Assets.xcassets; sourceTree = "<group>"; };
		8B10BDD423253EB300C4CE94 /* Base */ = {isa = PBXFileReference; lastKnownFileType = file.storyboard; name = Base; path = Base.lproj/LaunchScreen.storyboard; sourceTree = "<group>"; };
		8B10BDD623253EB300C4CE94 /* Info.plist */ = {isa = PBXFileReference; lastKnownFileType = text.plist.xml; path = Info.plist; sourceTree = "<group>"; };
		8B10BDDB23253EB300C4CE94 /* EuropeTests.xctest */ = {isa = PBXFileReference; explicitFileType = wrapper.cfbundle; includeInIndex = 0; path = EuropeTests.xctest; sourceTree = BUILT_PRODUCTS_DIR; };
		8B10BDE123253EB300C4CE94 /* Info.plist */ = {isa = PBXFileReference; lastKnownFileType = text.plist.xml; path = Info.plist; sourceTree = "<group>"; };
		8B10BDEA23253FF300C4CE94 /* StoryboardProtocol.swift */ = {isa = PBXFileReference; lastKnownFileType = sourcecode.swift; path = StoryboardProtocol.swift; sourceTree = "<group>"; };
		8B10BDED232540D600C4CE94 /* Coordinator.swift */ = {isa = PBXFileReference; lastKnownFileType = sourcecode.swift; path = Coordinator.swift; sourceTree = "<group>"; };
		8B10BDF02325425F00C4CE94 /* CellLoadable.swift */ = {isa = PBXFileReference; lastKnownFileType = sourcecode.swift; path = CellLoadable.swift; sourceTree = "<group>"; };
		8B10BDF8232545DA00C4CE94 /* CountryCell.swift */ = {isa = PBXFileReference; lastKnownFileType = sourcecode.swift; path = CountryCell.swift; sourceTree = "<group>"; };
		8B10BDF9232545DA00C4CE94 /* CountryCell.xib */ = {isa = PBXFileReference; lastKnownFileType = file.xib; path = CountryCell.xib; sourceTree = "<group>"; };
		8B10BDFC232545F100C4CE94 /* FlagCell.swift */ = {isa = PBXFileReference; lastKnownFileType = sourcecode.swift; path = FlagCell.swift; sourceTree = "<group>"; };
		8B10BDFD232545F100C4CE94 /* FlagCell.xib */ = {isa = PBXFileReference; lastKnownFileType = file.xib; path = FlagCell.xib; sourceTree = "<group>"; };
		8B10BE002325460400C4CE94 /* DetailsCell.swift */ = {isa = PBXFileReference; lastKnownFileType = sourcecode.swift; path = DetailsCell.swift; sourceTree = "<group>"; };
		8B10BE012325460400C4CE94 /* DetailsCell.xib */ = {isa = PBXFileReference; lastKnownFileType = file.xib; path = DetailsCell.xib; sourceTree = "<group>"; };
		8B10BE042325467D00C4CE94 /* Country+CoreDataClass.swift */ = {isa = PBXFileReference; lastKnownFileType = sourcecode.swift; path = "Country+CoreDataClass.swift"; sourceTree = "<group>"; };
		8B10BE052325467D00C4CE94 /* Country+CoreDataProperties.swift */ = {isa = PBXFileReference; lastKnownFileType = sourcecode.swift; path = "Country+CoreDataProperties.swift"; sourceTree = "<group>"; };
		8B10BE082325471100C4CE94 /* NetworkProvider.swift */ = {isa = PBXFileReference; lastKnownFileType = sourcecode.swift; path = NetworkProvider.swift; sourceTree = "<group>"; };
		8B10BE0D232547B900C4CE94 /* CountryError.swift */ = {isa = PBXFileReference; lastKnownFileType = sourcecode.swift; path = CountryError.swift; sourceTree = "<group>"; };
		8B10BE1023254AE100C4CE94 /* DataProvider.swift */ = {isa = PBXFileReference; lastKnownFileType = sourcecode.swift; path = DataProvider.swift; sourceTree = "<group>"; };
		8B10BE1223254AEC00C4CE94 /* DataProcessor.swift */ = {isa = PBXFileReference; lastKnownFileType = sourcecode.swift; path = DataProcessor.swift; sourceTree = "<group>"; };
		8B10BE1423254C3500C4CE94 /* CoreDataManager.swift */ = {isa = PBXFileReference; lastKnownFileType = sourcecode.swift; path = CoreDataManager.swift; sourceTree = "<group>"; };
		8B10BE1623254F6600C4CE94 /* Countries.json */ = {isa = PBXFileReference; fileEncoding = 4; lastKnownFileType = text.json; path = Countries.json; sourceTree = "<group>"; };
		8B10BE1823254F6600C4CE94 /* Country.json */ = {isa = PBXFileReference; fileEncoding = 4; lastKnownFileType = text.json; path = Country.json; sourceTree = "<group>"; };
		8B10BE1923254F6600C4CE94 /* FileExtractor.swift */ = {isa = PBXFileReference; fileEncoding = 4; lastKnownFileType = sourcecode.swift; path = FileExtractor.swift; sourceTree = "<group>"; };
		8B10BE20232551AB00C4CE94 /* CountriesProcessingTest.swift */ = {isa = PBXFileReference; lastKnownFileType = sourcecode.swift; path = CountriesProcessingTest.swift; sourceTree = "<group>"; };
		8B10BE222325590400C4CE94 /* Constants.swift */ = {isa = PBXFileReference; lastKnownFileType = sourcecode.swift; path = Constants.swift; sourceTree = "<group>"; };
		8B10BE2423256DB900C4CE94 /* CountryTest.swift */ = {isa = PBXFileReference; lastKnownFileType = sourcecode.swift; path = CountryTest.swift; sourceTree = "<group>"; };
		8B10BE262325787800C4CE94 /* CountriesViewModel.swift */ = {isa = PBXFileReference; lastKnownFileType = sourcecode.swift; path = CountriesViewModel.swift; sourceTree = "<group>"; };
		8B10BE292326EE2D00C4CE94 /* CountryViewModel.swift */ = {isa = PBXFileReference; lastKnownFileType = sourcecode.swift; path = CountryViewModel.swift; sourceTree = "<group>"; };
		8B10BE2B2326F17600C4CE94 /* Int+Utils.swift */ = {isa = PBXFileReference; lastKnownFileType = sourcecode.swift; path = "Int+Utils.swift"; sourceTree = "<group>"; };
		8B10BE2D23283E0900C4CE94 /* CountryViewModelTest.swift */ = {isa = PBXFileReference; lastKnownFileType = sourcecode.swift; path = CountryViewModelTest.swift; sourceTree = "<group>"; };
		8B10BE302328458A00C4CE94 /* CountriesViewModelTest.swift */ = {isa = PBXFileReference; lastKnownFileType = sourcecode.swift; path = CountriesViewModelTest.swift; sourceTree = "<group>"; };
		8B10BE322328E20100C4CE94 /* UIViewController+Utils.swift */ = {isa = PBXFileReference; lastKnownFileType = sourcecode.swift; path = "UIViewController+Utils.swift"; sourceTree = "<group>"; };
		8B10BE342328F51A00C4CE94 /* CountryErrorTest.swift */ = {isa = PBXFileReference; lastKnownFileType = sourcecode.swift; path = CountryErrorTest.swift; sourceTree = "<group>"; };
		8B4AFF4B2326A5420035B2DE /* UIImageView+Utils.swift */ = {isa = PBXFileReference; lastKnownFileType = sourcecode.swift; path = "UIImageView+Utils.swift"; sourceTree = "<group>"; };
		8B4AFF4F2326A84E0035B2DE /* CocoaLumberjack.framework */ = {isa = PBXFileReference; lastKnownFileType = wrapper.framework; name = CocoaLumberjack.framework; path = Carthage/Build/iOS/CocoaLumberjack.framework; sourceTree = "<group>"; };
		8B4AFF512326A8560035B2DE /* CocoaLumberjackSwift.framework */ = {isa = PBXFileReference; lastKnownFileType = wrapper.framework; name = CocoaLumberjackSwift.framework; path = Carthage/Build/iOS/CocoaLumberjackSwift.framework; sourceTree = "<group>"; };
		8B4AFF532326A85D0035B2DE /* SVGKit.framework */ = {isa = PBXFileReference; lastKnownFileType = wrapper.framework; name = SVGKit.framework; path = Carthage/Build/iOS/SVGKit.framework; sourceTree = "<group>"; };
		8B4AFF552327E9760035B2DE /* MockManager.swift */ = {isa = PBXFileReference; lastKnownFileType = sourcecode.swift; path = MockManager.swift; sourceTree = "<group>"; };
		8B4AFF5A2327F6DC0035B2DE /* NetworkingTest.swift */ = {isa = PBXFileReference; lastKnownFileType = sourcecode.swift; path = NetworkingTest.swift; sourceTree = "<group>"; };
		8BA76A60233038120045B034 /* CoordinatorTest.swift */ = {isa = PBXFileReference; lastKnownFileType = sourcecode.swift; path = CoordinatorTest.swift; sourceTree = "<group>"; };
/* End PBXFileReference section */

/* Begin PBXFrameworksBuildPhase section */
		8B10BDC123253EB100C4CE94 /* Frameworks */ = {
			isa = PBXFrameworksBuildPhase;
			buildActionMask = 2147483647;
			files = (
				8B4AFF502326A84E0035B2DE /* CocoaLumberjack.framework in Frameworks */,
				8B4AFF522326A8560035B2DE /* CocoaLumberjackSwift.framework in Frameworks */,
				8B4AFF542326A85D0035B2DE /* SVGKit.framework in Frameworks */,
			);
			runOnlyForDeploymentPostprocessing = 0;
		};
		8B10BDD823253EB300C4CE94 /* Frameworks */ = {
			isa = PBXFrameworksBuildPhase;
			buildActionMask = 2147483647;
			files = (
			);
			runOnlyForDeploymentPostprocessing = 0;
		};
/* End PBXFrameworksBuildPhase section */

/* Begin PBXGroup section */
		8B10BDBB23253EB100C4CE94 = {
			isa = PBXGroup;
			children = (
				8B10BDC623253EB100C4CE94 /* Europe */,
				8B10BDDE23253EB300C4CE94 /* EuropeTests */,
				8B10BDC523253EB100C4CE94 /* Products */,
				8B4AFF4E2326A84E0035B2DE /* Frameworks */,
			);
			sourceTree = "<group>";
		};
		8B10BDC523253EB100C4CE94 /* Products */ = {
			isa = PBXGroup;
			children = (
				8B10BDC423253EB100C4CE94 /* Europe.app */,
				8B10BDDB23253EB300C4CE94 /* EuropeTests.xctest */,
			);
			name = Products;
			sourceTree = "<group>";
		};
		8B10BDC623253EB100C4CE94 /* Europe */ = {
			isa = PBXGroup;
			children = (
				8B10BDC723253EB100C4CE94 /* AppDelegate.swift */,
				8B10BE222325590400C4CE94 /* Constants.swift */,
				8B4AFF4D2326A5D90035B2DE /* Extensions */,
				8B10BE0A2325471900C4CE94 /* Services */,
				8B10BDEC232540B400C4CE94 /* Navigation */,
				8B10BE282325787F00C4CE94 /* ViewModel */,
				8B10BDF22325426E00C4CE94 /* Cell */,
				8B10BDEF232541F600C4CE94 /* ViewController */,
				8B10BDF72325453800C4CE94 /* Model */,
				8B10BDCB23253EB100C4CE94 /* Main.storyboard */,
				8B10BDD123253EB300C4CE94 /* Assets.xcassets */,
				8B10BDD323253EB300C4CE94 /* LaunchScreen.storyboard */,
				8B10BDD623253EB300C4CE94 /* Info.plist */,
			);
			path = Europe;
			sourceTree = "<group>";
		};
		8B10BDDE23253EB300C4CE94 /* EuropeTests */ = {
			isa = PBXGroup;
			children = (
				8BA76A60233038120045B034 /* CoordinatorTest.swift */,
				8B4AFF572327ED5D0035B2DE /* Mock */,
				8B4AFF592327EE000035B2DE /* Services */,
				8B4AFF582327EDD70035B2DE /* Model */,
				8B10BE2F23283E2800C4CE94 /* ViewModelTest */,
				8B10BDE123253EB300C4CE94 /* Info.plist */,
			);
			path = EuropeTests;
			sourceTree = "<group>";
		};
		8B10BDEC232540B400C4CE94 /* Navigation */ = {
			isa = PBXGroup;
			children = (
				8B10BDEA23253FF300C4CE94 /* StoryboardProtocol.swift */,
				8B10BDED232540D600C4CE94 /* Coordinator.swift */,
			);
			path = Navigation;
			sourceTree = "<group>";
		};
		8B10BDEF232541F600C4CE94 /* ViewController */ = {
			isa = PBXGroup;
			children = (
				8B10BDC923253EB100C4CE94 /* ViewController.swift */,
			);
			path = ViewController;
			sourceTree = "<group>";
		};
		8B10BDF22325426E00C4CE94 /* Cell */ = {
			isa = PBXGroup;
			children = (
				8B10BDF02325425F00C4CE94 /* CellLoadable.swift */,
				8B10BDFC232545F100C4CE94 /* FlagCell.swift */,
				8B10BDFD232545F100C4CE94 /* FlagCell.xib */,
				8B10BE002325460400C4CE94 /* DetailsCell.swift */,
				8B10BE012325460400C4CE94 /* DetailsCell.xib */,
				8B10BDF8232545DA00C4CE94 /* CountryCell.swift */,
				8B10BDF9232545DA00C4CE94 /* CountryCell.xib */,
			);
			path = Cell;
			sourceTree = "<group>";
		};
		8B10BDF72325453800C4CE94 /* Model */ = {
			isa = PBXGroup;
			children = (
				8B10BE0F232547C300C4CE94 /* Enums */,
				8B10BE0C232547A000C4CE94 /* Core Data */,
			);
			path = Model;
			sourceTree = "<group>";
		};
		8B10BE0A2325471900C4CE94 /* Services */ = {
			isa = PBXGroup;
			children = (
				8B10BE082325471100C4CE94 /* NetworkProvider.swift */,
				8B10BE1023254AE100C4CE94 /* DataProvider.swift */,
				8B10BE1223254AEC00C4CE94 /* DataProcessor.swift */,
				8B10BE1423254C3500C4CE94 /* CoreDataManager.swift */,
			);
			path = Services;
			sourceTree = "<group>";
		};
		8B10BE0C232547A000C4CE94 /* Core Data */ = {
			isa = PBXGroup;
			children = (
				8B10BE042325467D00C4CE94 /* Country+CoreDataClass.swift */,
				8B10BE052325467D00C4CE94 /* Country+CoreDataProperties.swift */,
				8B10BDCE23253EB100C4CE94 /* Europe.xcdatamodeld */,
			);
			path = "Core Data";
			sourceTree = "<group>";
		};
		8B10BE0F232547C300C4CE94 /* Enums */ = {
			isa = PBXGroup;
			children = (
				8B10BE0D232547B900C4CE94 /* CountryError.swift */,
			);
			name = Enums;
			sourceTree = "<group>";
		};
		8B10BE282325787F00C4CE94 /* ViewModel */ = {
			isa = PBXGroup;
			children = (
				8B10BE262325787800C4CE94 /* CountriesViewModel.swift */,
				8B10BE292326EE2D00C4CE94 /* CountryViewModel.swift */,
			);
			path = ViewModel;
			sourceTree = "<group>";
		};
		8B10BE2F23283E2800C4CE94 /* ViewModelTest */ = {
			isa = PBXGroup;
			children = (
				8B10BE2D23283E0900C4CE94 /* CountryViewModelTest.swift */,
				8B10BE302328458A00C4CE94 /* CountriesViewModelTest.swift */,
			);
			path = ViewModelTest;
			sourceTree = "<group>";
		};
		8B4AFF4D2326A5D90035B2DE /* Extensions */ = {
			isa = PBXGroup;
			children = (
				8B4AFF4B2326A5420035B2DE /* UIImageView+Utils.swift */,
				8B10BE2B2326F17600C4CE94 /* Int+Utils.swift */,
				8B10BE322328E20100C4CE94 /* UIViewController+Utils.swift */,
			);
			path = Extensions;
			sourceTree = "<group>";
		};
		8B4AFF4E2326A84E0035B2DE /* Frameworks */ = {
			isa = PBXGroup;
			children = (
				8B4AFF532326A85D0035B2DE /* SVGKit.framework */,
				8B4AFF512326A8560035B2DE /* CocoaLumberjackSwift.framework */,
				8B4AFF4F2326A84E0035B2DE /* CocoaLumberjack.framework */,
			);
			name = Frameworks;
			sourceTree = "<group>";
		};
		8B4AFF572327ED5D0035B2DE /* Mock */ = {
			isa = PBXGroup;
			children = (
				8B4AFF552327E9760035B2DE /* MockManager.swift */,
				8B10BE1923254F6600C4CE94 /* FileExtractor.swift */,
				8B10BE1623254F6600C4CE94 /* Countries.json */,
				8B10BE1823254F6600C4CE94 /* Country.json */,
			);
			path = Mock;
			sourceTree = "<group>";
		};
		8B4AFF582327EDD70035B2DE /* Model */ = {
			isa = PBXGroup;
			children = (
				8B10BE2423256DB900C4CE94 /* CountryTest.swift */,
				8B10BE342328F51A00C4CE94 /* CountryErrorTest.swift */,
			);
			path = Model;
			sourceTree = "<group>";
		};
		8B4AFF592327EE000035B2DE /* Services */ = {
			isa = PBXGroup;
			children = (
				8B10BE20232551AB00C4CE94 /* CountriesProcessingTest.swift */,
				8B4AFF5A2327F6DC0035B2DE /* NetworkingTest.swift */,
			);
			path = Services;
			sourceTree = "<group>";
		};
/* End PBXGroup section */

/* Begin PBXNativeTarget section */
		8B10BDC323253EB100C4CE94 /* Europe */ = {
			isa = PBXNativeTarget;
			buildConfigurationList = 8B10BDE423253EB300C4CE94 /* Build configuration list for PBXNativeTarget "Europe" */;
			buildPhases = (
				8B10BDC023253EB100C4CE94 /* Sources */,
				8B10BDC123253EB100C4CE94 /* Frameworks */,
				8B10BDC223253EB100C4CE94 /* Resources */,
				8B4AFF4A2326A4370035B2DE /* Carthage */,
			);
			buildRules = (
			);
			dependencies = (
			);
			name = Europe;
			productName = Europe;
			productReference = 8B10BDC423253EB100C4CE94 /* Europe.app */;
			productType = "com.apple.product-type.application";
		};
		8B10BDDA23253EB300C4CE94 /* EuropeTests */ = {
			isa = PBXNativeTarget;
			buildConfigurationList = 8B10BDE723253EB300C4CE94 /* Build configuration list for PBXNativeTarget "EuropeTests" */;
			buildPhases = (
				8B10BDD723253EB300C4CE94 /* Sources */,
				8B10BDD823253EB300C4CE94 /* Frameworks */,
				8B10BDD923253EB300C4CE94 /* Resources */,
			);
			buildRules = (
			);
			dependencies = (
				8B10BDDD23253EB300C4CE94 /* PBXTargetDependency */,
			);
			name = EuropeTests;
			productName = EuropeTests;
			productReference = 8B10BDDB23253EB300C4CE94 /* EuropeTests.xctest */;
			productType = "com.apple.product-type.bundle.unit-test";
		};
/* End PBXNativeTarget section */

/* Begin PBXProject section */
		8B10BDBC23253EB100C4CE94 /* Project object */ = {
			isa = PBXProject;
			attributes = {
				LastSwiftUpdateCheck = 1030;
				LastUpgradeCheck = 1030;
				ORGANIZATIONNAME = RiccardoScanavacca;
				TargetAttributes = {
					8B10BDC323253EB100C4CE94 = {
						CreatedOnToolsVersion = 10.3;
					};
					8B10BDDA23253EB300C4CE94 = {
						CreatedOnToolsVersion = 10.3;
						TestTargetID = 8B10BDC323253EB100C4CE94;
					};
				};
			};
			buildConfigurationList = 8B10BDBF23253EB100C4CE94 /* Build configuration list for PBXProject "Europe" */;
			compatibilityVersion = "Xcode 9.3";
			developmentRegion = en;
			hasScannedForEncodings = 0;
			knownRegions = (
				en,
				Base,
			);
			mainGroup = 8B10BDBB23253EB100C4CE94;
			productRefGroup = 8B10BDC523253EB100C4CE94 /* Products */;
			projectDirPath = "";
			projectRoot = "";
			targets = (
				8B10BDC323253EB100C4CE94 /* Europe */,
				8B10BDDA23253EB300C4CE94 /* EuropeTests */,
			);
		};
/* End PBXProject section */

/* Begin PBXResourcesBuildPhase section */
		8B10BDC223253EB100C4CE94 /* Resources */ = {
			isa = PBXResourcesBuildPhase;
			buildActionMask = 2147483647;
			files = (
				8B10BDFB232545DA00C4CE94 /* CountryCell.xib in Resources */,
				8B10BDFF232545F100C4CE94 /* FlagCell.xib in Resources */,
				8B10BDD523253EB300C4CE94 /* LaunchScreen.storyboard in Resources */,
				8B10BDD223253EB300C4CE94 /* Assets.xcassets in Resources */,
				8B10BE032325460400C4CE94 /* DetailsCell.xib in Resources */,
				8B10BDCD23253EB100C4CE94 /* Main.storyboard in Resources */,
			);
			runOnlyForDeploymentPostprocessing = 0;
		};
		8B10BDD923253EB300C4CE94 /* Resources */ = {
			isa = PBXResourcesBuildPhase;
			buildActionMask = 2147483647;
			files = (
				8B10BE1C23254F6600C4CE94 /* Country.json in Resources */,
				8B10BE1A23254F6600C4CE94 /* Countries.json in Resources */,
			);
			runOnlyForDeploymentPostprocessing = 0;
		};
/* End PBXResourcesBuildPhase section */

/* Begin PBXShellScriptBuildPhase section */
		8B4AFF4A2326A4370035B2DE /* Carthage */ = {
			isa = PBXShellScriptBuildPhase;
			buildActionMask = 2147483647;
			files = (
			);
			inputFileListPaths = (
			);
			inputPaths = (
				"$(SRCROOT)/Carthage/Build/iOS/SVGKit.framework",
				"$(SRCROOT)/Carthage/Build/iOS/CocoaLumberjack.framework",
				"$(SRCROOT)/Carthage/Build/iOS/CocoaLumberjackSwift.framework",
			);
			name = Carthage;
			outputFileListPaths = (
			);
			outputPaths = (
				"$(BUILT_PRODUCTS_DIR)/$(FRAMEWORKS_FOLDER_PATH)/SVGKit.framework",
				"$(BUILT_PRODUCTS_DIR)/$(FRAMEWORKS_FOLDER_PATH)/CocoaLumberjack.framework",
				"$(BUILT_PRODUCTS_DIR)/$(FRAMEWORKS_FOLDER_PATH)/CocoaLumberjackSwift.framework",
			);
			runOnlyForDeploymentPostprocessing = 0;
			shellPath = /bin/sh;
			shellScript = "/usr/local/bin/carthage copy-frameworks\n";
		};
/* End PBXShellScriptBuildPhase section */

/* Begin PBXSourcesBuildPhase section */
		8B10BDC023253EB100C4CE94 /* Sources */ = {
			isa = PBXSourcesBuildPhase;
			buildActionMask = 2147483647;
			files = (
				8B10BDCA23253EB100C4CE94 /* ViewController.swift in Sources */,
				8B10BE232325590400C4CE94 /* Constants.swift in Sources */,
				8B10BDF12325425F00C4CE94 /* CellLoadable.swift in Sources */,
				8B10BE272325787800C4CE94 /* CountriesViewModel.swift in Sources */,
				8B10BDD023253EB100C4CE94 /* Europe.xcdatamodeld in Sources */,
				8B10BDEE232540D600C4CE94 /* Coordinator.swift in Sources */,
				8B10BE332328E20100C4CE94 /* UIViewController+Utils.swift in Sources */,
				8B4AFF4C2326A5420035B2DE /* UIImageView+Utils.swift in Sources */,
				8B10BE022325460400C4CE94 /* DetailsCell.swift in Sources */,
				8B10BE092325471100C4CE94 /* NetworkProvider.swift in Sources */,
				8B10BE2A2326EE2D00C4CE94 /* CountryViewModel.swift in Sources */,
				8B10BDEB23253FF300C4CE94 /* StoryboardProtocol.swift in Sources */,
				8B10BE072325467D00C4CE94 /* Country+CoreDataProperties.swift in Sources */,
				8B10BE1323254AEC00C4CE94 /* DataProcessor.swift in Sources */,
				8B10BDFE232545F100C4CE94 /* FlagCell.swift in Sources */,
				8B10BE2C2326F17600C4CE94 /* Int+Utils.swift in Sources */,
				8B10BE0E232547B900C4CE94 /* CountryError.swift in Sources */,
				8B10BE1123254AE100C4CE94 /* DataProvider.swift in Sources */,
				8B10BDC823253EB100C4CE94 /* AppDelegate.swift in Sources */,
				8B10BE062325467D00C4CE94 /* Country+CoreDataClass.swift in Sources */,
				8B10BE1523254C3500C4CE94 /* CoreDataManager.swift in Sources */,
				8B10BDFA232545DA00C4CE94 /* CountryCell.swift in Sources */,
			);
			runOnlyForDeploymentPostprocessing = 0;
		};
		8B10BDD723253EB300C4CE94 /* Sources */ = {
			isa = PBXSourcesBuildPhase;
			buildActionMask = 2147483647;
			files = (
				8B4AFF5B2327F6DC0035B2DE /* NetworkingTest.swift in Sources */,
				8B10BE1D23254F6600C4CE94 /* FileExtractor.swift in Sources */,
				8B10BE312328458A00C4CE94 /* CountriesViewModelTest.swift in Sources */,
				8B10BE2523256DB900C4CE94 /* CountryTest.swift in Sources */,
				8BA76A61233038120045B034 /* CoordinatorTest.swift in Sources */,
				8B4AFF562327E9760035B2DE /* MockManager.swift in Sources */,
				8B10BE21232551AB00C4CE94 /* CountriesProcessingTest.swift in Sources */,
				8B10BE2E23283E0900C4CE94 /* CountryViewModelTest.swift in Sources */,
				8B10BE352328F51A00C4CE94 /* CountryErrorTest.swift in Sources */,
			);
			runOnlyForDeploymentPostprocessing = 0;
		};
/* End PBXSourcesBuildPhase section */

/* Begin PBXTargetDependency section */
		8B10BDDD23253EB300C4CE94 /* PBXTargetDependency */ = {
			isa = PBXTargetDependency;
			target = 8B10BDC323253EB100C4CE94 /* Europe */;
			targetProxy = 8B10BDDC23253EB300C4CE94 /* PBXContainerItemProxy */;
		};
/* End PBXTargetDependency section */

/* Begin PBXVariantGroup section */
		8B10BDCB23253EB100C4CE94 /* Main.storyboard */ = {
			isa = PBXVariantGroup;
			children = (
				8B10BDCC23253EB100C4CE94 /* Base */,
			);
			name = Main.storyboard;
			sourceTree = "<group>";
		};
		8B10BDD323253EB300C4CE94 /* LaunchScreen.storyboard */ = {
			isa = PBXVariantGroup;
			children = (
				8B10BDD423253EB300C4CE94 /* Base */,
			);
			name = LaunchScreen.storyboard;
			sourceTree = "<group>";
		};
/* End PBXVariantGroup section */

/* Begin XCBuildConfiguration section */
		8B10BDE223253EB300C4CE94 /* Debug */ = {
			isa = XCBuildConfiguration;
			buildSettings = {
				ALWAYS_SEARCH_USER_PATHS = NO;
				CLANG_ANALYZER_NONNULL = YES;
				CLANG_ANALYZER_NUMBER_OBJECT_CONVERSION = YES_AGGRESSIVE;
				CLANG_CXX_LANGUAGE_STANDARD = "gnu++14";
				CLANG_CXX_LIBRARY = "libc++";
				CLANG_ENABLE_MODULES = YES;
				CLANG_ENABLE_OBJC_ARC = YES;
				CLANG_ENABLE_OBJC_WEAK = YES;
				CLANG_WARN_BLOCK_CAPTURE_AUTORELEASING = YES;
				CLANG_WARN_BOOL_CONVERSION = YES;
				CLANG_WARN_COMMA = YES;
				CLANG_WARN_CONSTANT_CONVERSION = YES;
				CLANG_WARN_DEPRECATED_OBJC_IMPLEMENTATIONS = YES;
				CLANG_WARN_DIRECT_OBJC_ISA_USAGE = YES_ERROR;
				CLANG_WARN_DOCUMENTATION_COMMENTS = YES;
				CLANG_WARN_EMPTY_BODY = YES;
				CLANG_WARN_ENUM_CONVERSION = YES;
				CLANG_WARN_INFINITE_RECURSION = YES;
				CLANG_WARN_INT_CONVERSION = YES;
				CLANG_WARN_NON_LITERAL_NULL_CONVERSION = YES;
				CLANG_WARN_OBJC_IMPLICIT_RETAIN_SELF = YES;
				CLANG_WARN_OBJC_LITERAL_CONVERSION = YES;
				CLANG_WARN_OBJC_ROOT_CLASS = YES_ERROR;
				CLANG_WARN_RANGE_LOOP_ANALYSIS = YES;
				CLANG_WARN_STRICT_PROTOTYPES = YES;
				CLANG_WARN_SUSPICIOUS_MOVE = YES;
				CLANG_WARN_UNGUARDED_AVAILABILITY = YES_AGGRESSIVE;
				CLANG_WARN_UNREACHABLE_CODE = YES;
				CLANG_WARN__DUPLICATE_METHOD_MATCH = YES;
				CODE_SIGN_IDENTITY = "iPhone Developer";
				COPY_PHASE_STRIP = NO;
				DEBUG_INFORMATION_FORMAT = dwarf;
				ENABLE_STRICT_OBJC_MSGSEND = YES;
				ENABLE_TESTABILITY = YES;
				GCC_C_LANGUAGE_STANDARD = gnu11;
				GCC_DYNAMIC_NO_PIC = NO;
				GCC_NO_COMMON_BLOCKS = YES;
				GCC_OPTIMIZATION_LEVEL = 0;
				GCC_PREPROCESSOR_DEFINITIONS = (
					"DEBUG=1",
					"$(inherited)",
				);
				GCC_WARN_64_TO_32_BIT_CONVERSION = YES;
				GCC_WARN_ABOUT_RETURN_TYPE = YES_ERROR;
				GCC_WARN_UNDECLARED_SELECTOR = YES;
				GCC_WARN_UNINITIALIZED_AUTOS = YES_AGGRESSIVE;
				GCC_WARN_UNUSED_FUNCTION = YES;
				GCC_WARN_UNUSED_VARIABLE = YES;
				IPHONEOS_DEPLOYMENT_TARGET = 12.4;
				MTL_ENABLE_DEBUG_INFO = INCLUDE_SOURCE;
				MTL_FAST_MATH = YES;
				ONLY_ACTIVE_ARCH = YES;
				SDKROOT = iphoneos;
				SWIFT_ACTIVE_COMPILATION_CONDITIONS = DEBUG;
				SWIFT_OPTIMIZATION_LEVEL = "-Onone";
			};
			name = Debug;
		};
		8B10BDE323253EB300C4CE94 /* Release */ = {
			isa = XCBuildConfiguration;
			buildSettings = {
				ALWAYS_SEARCH_USER_PATHS = NO;
				CLANG_ANALYZER_NONNULL = YES;
				CLANG_ANALYZER_NUMBER_OBJECT_CONVERSION = YES_AGGRESSIVE;
				CLANG_CXX_LANGUAGE_STANDARD = "gnu++14";
				CLANG_CXX_LIBRARY = "libc++";
				CLANG_ENABLE_MODULES = YES;
				CLANG_ENABLE_OBJC_ARC = YES;
				CLANG_ENABLE_OBJC_WEAK = YES;
				CLANG_WARN_BLOCK_CAPTURE_AUTORELEASING = YES;
				CLANG_WARN_BOOL_CONVERSION = YES;
				CLANG_WARN_COMMA = YES;
				CLANG_WARN_CONSTANT_CONVERSION = YES;
				CLANG_WARN_DEPRECATED_OBJC_IMPLEMENTATIONS = YES;
				CLANG_WARN_DIRECT_OBJC_ISA_USAGE = YES_ERROR;
				CLANG_WARN_DOCUMENTATION_COMMENTS = YES;
				CLANG_WARN_EMPTY_BODY = YES;
				CLANG_WARN_ENUM_CONVERSION = YES;
				CLANG_WARN_INFINITE_RECURSION = YES;
				CLANG_WARN_INT_CONVERSION = YES;
				CLANG_WARN_NON_LITERAL_NULL_CONVERSION = YES;
				CLANG_WARN_OBJC_IMPLICIT_RETAIN_SELF = YES;
				CLANG_WARN_OBJC_LITERAL_CONVERSION = YES;
				CLANG_WARN_OBJC_ROOT_CLASS = YES_ERROR;
				CLANG_WARN_RANGE_LOOP_ANALYSIS = YES;
				CLANG_WARN_STRICT_PROTOTYPES = YES;
				CLANG_WARN_SUSPICIOUS_MOVE = YES;
				CLANG_WARN_UNGUARDED_AVAILABILITY = YES_AGGRESSIVE;
				CLANG_WARN_UNREACHABLE_CODE = YES;
				CLANG_WARN__DUPLICATE_METHOD_MATCH = YES;
				CODE_SIGN_IDENTITY = "iPhone Developer";
				COPY_PHASE_STRIP = NO;
				DEBUG_INFORMATION_FORMAT = "dwarf-with-dsym";
				ENABLE_NS_ASSERTIONS = NO;
				ENABLE_STRICT_OBJC_MSGSEND = YES;
				GCC_C_LANGUAGE_STANDARD = gnu11;
				GCC_NO_COMMON_BLOCKS = YES;
				GCC_WARN_64_TO_32_BIT_CONVERSION = YES;
				GCC_WARN_ABOUT_RETURN_TYPE = YES_ERROR;
				GCC_WARN_UNDECLARED_SELECTOR = YES;
				GCC_WARN_UNINITIALIZED_AUTOS = YES_AGGRESSIVE;
				GCC_WARN_UNUSED_FUNCTION = YES;
				GCC_WARN_UNUSED_VARIABLE = YES;
				IPHONEOS_DEPLOYMENT_TARGET = 12.4;
				MTL_ENABLE_DEBUG_INFO = NO;
				MTL_FAST_MATH = YES;
				SDKROOT = iphoneos;
				SWIFT_COMPILATION_MODE = wholemodule;
				SWIFT_OPTIMIZATION_LEVEL = "-O";
				VALIDATE_PRODUCT = YES;
			};
			name = Release;
		};
		8B10BDE523253EB300C4CE94 /* Debug */ = {
			isa = XCBuildConfiguration;
			buildSettings = {
				ASSETCATALOG_COMPILER_APPICON_NAME = AppIcon;
				CODE_SIGN_STYLE = Automatic;
				DEVELOPMENT_TEAM = 2GM46VBD99;
				FRAMEWORK_SEARCH_PATHS = (
					"$(inherited)",
					"$(PROJECT_DIR)/Carthage/Build/iOS",
				);
				INFOPLIST_FILE = Europe/Info.plist;
				LD_RUNPATH_SEARCH_PATHS = (
					"$(inherited)",
					"@executable_path/Frameworks",
				);
				PRODUCT_BUNDLE_IDENTIFIER = com.riccardoscanavacca.Europe;
				PRODUCT_NAME = "$(TARGET_NAME)";
				SWIFT_VERSION = 5.0;
				TARGETED_DEVICE_FAMILY = "1,2";
			};
			name = Debug;
		};
		8B10BDE623253EB300C4CE94 /* Release */ = {
			isa = XCBuildConfiguration;
			buildSettings = {
				ASSETCATALOG_COMPILER_APPICON_NAME = AppIcon;
				CODE_SIGN_STYLE = Automatic;
				DEVELOPMENT_TEAM = 2GM46VBD99;
				FRAMEWORK_SEARCH_PATHS = (
					"$(inherited)",
					"$(PROJECT_DIR)/Carthage/Build/iOS",
				);
				INFOPLIST_FILE = Europe/Info.plist;
				LD_RUNPATH_SEARCH_PATHS = (
					"$(inherited)",
					"@executable_path/Frameworks",
				);
				PRODUCT_BUNDLE_IDENTIFIER = com.riccardoscanavacca.Europe;
				PRODUCT_NAME = "$(TARGET_NAME)";
				SWIFT_VERSION = 5.0;
				TARGETED_DEVICE_FAMILY = "1,2";
			};
			name = Release;
		};
		8B10BDE823253EB300C4CE94 /* Debug */ = {
			isa = XCBuildConfiguration;
			buildSettings = {
				ALWAYS_EMBED_SWIFT_STANDARD_LIBRARIES = YES;
				BUNDLE_LOADER = "$(TEST_HOST)";
				CODE_SIGN_STYLE = Automatic;
				DEVELOPMENT_TEAM = 2GM46VBD99;
				INFOPLIST_FILE = EuropeTests/Info.plist;
				LD_RUNPATH_SEARCH_PATHS = (
					"$(inherited)",
					"@executable_path/Frameworks",
					"@loader_path/Frameworks",
				);
				PRODUCT_BUNDLE_IDENTIFIER = com.riccardoscanavacca.EuropeTests;
				PRODUCT_NAME = "$(TARGET_NAME)";
				SWIFT_VERSION = 5.0;
				TARGETED_DEVICE_FAMILY = "1,2";
				TEST_HOST = "$(BUILT_PRODUCTS_DIR)/Europe.app/Europe";
			};
			name = Debug;
		};
		8B10BDE923253EB300C4CE94 /* Release */ = {
			isa = XCBuildConfiguration;
			buildSettings = {
				ALWAYS_EMBED_SWIFT_STANDARD_LIBRARIES = YES;
				BUNDLE_LOADER = "$(TEST_HOST)";
				CODE_SIGN_STYLE = Automatic;
				DEVELOPMENT_TEAM = 2GM46VBD99;
				INFOPLIST_FILE = EuropeTests/Info.plist;
				LD_RUNPATH_SEARCH_PATHS = (
					"$(inherited)",
					"@executable_path/Frameworks",
					"@loader_path/Frameworks",
				);
				PRODUCT_BUNDLE_IDENTIFIER = com.riccardoscanavacca.EuropeTests;
				PRODUCT_NAME = "$(TARGET_NAME)";
				SWIFT_VERSION = 5.0;
				TARGETED_DEVICE_FAMILY = "1,2";
				TEST_HOST = "$(BUILT_PRODUCTS_DIR)/Europe.app/Europe";
			};
			name = Release;
		};
/* End XCBuildConfiguration section */

/* Begin XCConfigurationList section */
		8B10BDBF23253EB100C4CE94 /* Build configuration list for PBXProject "Europe" */ = {
			isa = XCConfigurationList;
			buildConfigurations = (
				8B10BDE223253EB300C4CE94 /* Debug */,
				8B10BDE323253EB300C4CE94 /* Release */,
			);
			defaultConfigurationIsVisible = 0;
			defaultConfigurationName = Release;
		};
		8B10BDE423253EB300C4CE94 /* Build configuration list for PBXNativeTarget "Europe" */ = {
			isa = XCConfigurationList;
			buildConfigurations = (
				8B10BDE523253EB300C4CE94 /* Debug */,
				8B10BDE623253EB300C4CE94 /* Release */,
			);
			defaultConfigurationIsVisible = 0;
			defaultConfigurationName = Release;
		};
		8B10BDE723253EB300C4CE94 /* Build configuration list for PBXNativeTarget "EuropeTests" */ = {
			isa = XCConfigurationList;
			buildConfigurations = (
				8B10BDE823253EB300C4CE94 /* Debug */,
				8B10BDE923253EB300C4CE94 /* Release */,
			);
			defaultConfigurationIsVisible = 0;
			defaultConfigurationName = Release;
		};
/* End XCConfigurationList section */

/* Begin XCVersionGroup section */
		8B10BDCE23253EB100C4CE94 /* Europe.xcdatamodeld */ = {
			isa = XCVersionGroup;
			children = (
				8B10BDCF23253EB100C4CE94 /* Europe.xcdatamodel */,
			);
			currentVersion = 8B10BDCF23253EB100C4CE94 /* Europe.xcdatamodel */;
			path = Europe.xcdatamodeld;
			sourceTree = "<group>";
			versionGroupType = wrapper.xcdatamodel;
		};
/* End XCVersionGroup section */
	};
	rootObject = 8B10BDBC23253EB100C4CE94 /* Project object */;
}
